
Microsoft Visual Studio Solution File, Format Version 12.00
# Visual Studio Version 17
VisualStudioVersion = 17.2.32616.157
MinimumVisualStudioVersion = 10.0.40219.1
Project("{888888A0-9F3D-457C-B088-3A5042F75D52}") = "OpenCV", "C:\Users\Vilgi\Desktop\OpenCV.pyproj", "{D79D5AB5-114F-49D6-9CC5-9235D7C62413}"
EndProject
Global
	GlobalSection(SolutionConfigurationPlatforms) = preSolution
		Debug|Any CPU = Debug|Any CPU
		Release|Any CPU = Release|Any CPU
	EndGlobalSection
	GlobalSection(ProjectConfigurationPlatforms) = postSolution
		{D79D5AB5-114F-49D6-9CC5-9235D7C62413}.Debug|Any CPU.ActiveCfg = Debug|Any CPU
		{D79D5AB5-114F-49D6-9CC5-9235D7C62413}.Release|Any CPU.ActiveCfg = Release|Any CPU
	EndGlobalSection
	GlobalSection(SolutionProperties) = preSolution
		HideSolutionNode = FALSE
	EndGlobalSection
	GlobalSection(ExtensibilityGlobals) = postSolution
		SolutionGuid = {4C805C02-782C-41FA-B3BC-468CAF39E1A7}
	EndGlobalSection
EndGlobal
